// !$*UTF8*$!
{
	archiveVersion = 1;
	classes = {
	};
	objectVersion = 46;
	objects = {

/* Begin PBXFileReference section */
		E10E583417445FCF009F7AEA /* File.c */ = {isa = PBXFileReference; lastKnownFileType = sourcecode.c.c; path = File.c; sourceTree = "<group>"; };
/* End PBXFileReference section */

/* Begin PBXGroup section */
		E10E582D17445F11009F7AEA = {
			isa = PBXGroup;
			children = (
				E10E583417445FCF009F7AEA /* File.c */,
			);
			sourceTree = "<group>";
		};
/* End PBXGroup section */

/* Begin PBXProject section */
		E10E582E17445F11009F7AEA /* Project object */ = {
			isa = PBXProject;
			attributes = {
				LastUpgradeCheck = 0460;
			};
			buildConfigurationList = E10E583117445F11009F7AEA /* Build configuration list for PBXProject "hello-from-xcode" */;
			compatibilityVersion = "Xcode 3.2";
			developmentRegion = English;
			hasScannedForEncodings = 0;
			knownRegions = (
				en,
			);
			mainGroup = E10E582D17445F11009F7AEA;
			projectDirPath = "";
			projectRoot = "";
			targets = (
			);
		};
/* End PBXProject section */

/* Begin XCBuildConfiguration section */
		E10E583217445F11009F7AEA /* Debug */ = {
			isa = XCBuildConfiguration;
			buildSettings = {
			};
			name = Debug;
		};
		E10E583317445F11009F7AEA /* Release */ = {
			isa = XCBuildConfiguration;
			buildSettings = {
			};
			name = Release;
		};
/* End XCBuildConfiguration section */

/* Begin XCConfigurationList section */
		E10E583117445F11009F7AEA /* Build configuration list for PBXProject "hello-from-xcode" */ = {
			isa = XCConfigurationList;
			buildConfigurations = (
				E10E583217445F11009F7AEA /* Debug */,
				E10E583317445F11009F7AEA /* Release */,
			);
			defaultConfigurationIsVisible = 0;
			defaultConfigurationName = Release;
		};
/* End XCConfigurationList section */
	};
	rootObject = E10E582E17445F11009F7AEA /* Project object */;
}
